
Microsoft Visual Studio Solution File, Format Version 12.00
# Visual Studio Version 16
VisualStudioVersion = 16.0.29926.136
MinimumVisualStudioVersion = 10.0.40219.1
Project("{FAE04EC0-301F-11D3-BF4B-00C04F79EFBC}") = "Unity Dark Theme Patcher", "Unity Dark Theme Patcher\Unity Dark Theme Patcher.csproj", "{28679289-DAA4-443C-8B92-E589C699C34E}"
EndProject
Global
	GlobalSection(SolutionConfigurationPlatforms) = preSolution
		Debug|Any CPU = Debug|Any CPU
		Release|Any CPU = Release|Any CPU
	EndGlobalSection
	GlobalSection(ProjectConfigurationPlatforms) = postSolution
		{28679289-DAA4-443C-8B92-E589C699C34E}.Debug|Any CPU.ActiveCfg = Debug|Any CPU
		{28679289-DAA4-443C-8B92-E589C699C34E}.Debug|Any CPU.Build.0 = Debug|Any CPU
		{28679289-DAA4-443C-8B92-E589C699C34E}.Release|Any CPU.ActiveCfg = Release|Any CPU
		{28679289-DAA4-443C-8B92-E589C699C34E}.Release|Any CPU.Build.0 = Release|Any CPU
	EndGlobalSection
	GlobalSection(SolutionProperties) = preSolution
		HideSolutionNode = FALSE
	EndGlobalSection
	GlobalSection(ExtensibilityGlobals) = postSolution
		SolutionGuid = {7BDCA382-16BE-4CD6-AA77-8984933DE000}
	EndGlobalSection
EndGlobal
